
Microsoft Visual Studio Solution File, Format Version 12.00
# Visual Studio 2013
VisualStudioVersion = 12.0.31101.0
MinimumVisualStudioVersion = 10.0.40219.1
Project("{FAE04EC0-301F-11D3-BF4B-00C04F79EFBC}") = "LicenseManServer", "LicenseManServer\LicenseManServer.csproj", "{1852F92E-076E-4B8B-9AEF-ADC210A1DB26}"
EndProject
Project("{FAE04EC0-301F-11D3-BF4B-00C04F79EFBC}") = "LicenseManBuilder", "LicenseManBuilder\LicenseManBuilder.csproj", "{58F5FDF8-3FE6-45C4-91C8-A21E12AF6ED8}"
EndProject
Project("{FAE04EC0-301F-11D3-BF4B-00C04F79EFBC}") = "LicenseManLoader", "LicenseManLoader\LicenseManLoader.csproj", "{873AC1F1-4427-45C5-84DD-767ABA10268D}"
EndProject
Project("{FAE04EC0-301F-11D3-BF4B-00C04F79EFBC}") = "ExampleApp", "ExampleApp\ExampleApp.csproj", "{BD52ABFF-04F6-4F9B-A396-CE675B834B6C}"
EndProject
Project("{FAE04EC0-301F-11D3-BF4B-00C04F79EFBC}") = "LicenseManShared", "LicenseManShared\LicenseManShared.csproj", "{AB775916-9CC1-494A-A626-C3259D1E907E}"
EndProject
Global
	GlobalSection(SolutionConfigurationPlatforms) = preSolution
		Debug|Any CPU = Debug|Any CPU
		Release|Any CPU = Release|Any CPU
	EndGlobalSection
	GlobalSection(ProjectConfigurationPlatforms) = postSolution
		{1852F92E-076E-4B8B-9AEF-ADC210A1DB26}.Debug|Any CPU.ActiveCfg = Debug|Any CPU
		{1852F92E-076E-4B8B-9AEF-ADC210A1DB26}.Debug|Any CPU.Build.0 = Debug|Any CPU
		{1852F92E-076E-4B8B-9AEF-ADC210A1DB26}.Release|Any CPU.ActiveCfg = Release|Any CPU
		{1852F92E-076E-4B8B-9AEF-ADC210A1DB26}.Release|Any CPU.Build.0 = Release|Any CPU
		{58F5FDF8-3FE6-45C4-91C8-A21E12AF6ED8}.Debug|Any CPU.ActiveCfg = Debug|Any CPU
		{58F5FDF8-3FE6-45C4-91C8-A21E12AF6ED8}.Debug|Any CPU.Build.0 = Debug|Any CPU
		{58F5FDF8-3FE6-45C4-91C8-A21E12AF6ED8}.Release|Any CPU.ActiveCfg = Release|Any CPU
		{58F5FDF8-3FE6-45C4-91C8-A21E12AF6ED8}.Release|Any CPU.Build.0 = Release|Any CPU
		{873AC1F1-4427-45C5-84DD-767ABA10268D}.Debug|Any CPU.ActiveCfg = Debug|Any CPU
		{873AC1F1-4427-45C5-84DD-767ABA10268D}.Debug|Any CPU.Build.0 = Debug|Any CPU
		{873AC1F1-4427-45C5-84DD-767ABA10268D}.Release|Any CPU.ActiveCfg = Release|Any CPU
		{873AC1F1-4427-45C5-84DD-767ABA10268D}.Release|Any CPU.Build.0 = Release|Any CPU
		{BD52ABFF-04F6-4F9B-A396-CE675B834B6C}.Debug|Any CPU.ActiveCfg = Debug|Any CPU
		{BD52ABFF-04F6-4F9B-A396-CE675B834B6C}.Debug|Any CPU.Build.0 = Debug|Any CPU
		{BD52ABFF-04F6-4F9B-A396-CE675B834B6C}.Release|Any CPU.ActiveCfg = Release|Any CPU
		{BD52ABFF-04F6-4F9B-A396-CE675B834B6C}.Release|Any CPU.Build.0 = Release|Any CPU
		{AB775916-9CC1-494A-A626-C3259D1E907E}.Debug|Any CPU.ActiveCfg = Debug|Any CPU
		{AB775916-9CC1-494A-A626-C3259D1E907E}.Debug|Any CPU.Build.0 = Debug|Any CPU
		{AB775916-9CC1-494A-A626-C3259D1E907E}.Release|Any CPU.ActiveCfg = Release|Any CPU
		{AB775916-9CC1-494A-A626-C3259D1E907E}.Release|Any CPU.Build.0 = Release|Any CPU
	EndGlobalSection
	GlobalSection(SolutionProperties) = preSolution
		HideSolutionNode = FALSE
	EndGlobalSection
EndGlobal
